// !$*UTF8*$!
{
	archiveVersion = 1;
	classes = {
	};
	objectVersion = 55;
	objects = {

/* Begin PBXBuildFile section */
		74101A992842FD440043281C /* RegisterView.swift in Sources */ = {isa = PBXBuildFile; fileRef = 74101A982842FD440043281C /* RegisterView.swift */; };
		74101A9B2843004F0043281C /* StarterView.swift in Sources */ = {isa = PBXBuildFile; fileRef = 74101A9A2843004F0043281C /* StarterView.swift */; };
		74101A9F284320640043281C /* LogOutButtonView.swift in Sources */ = {isa = PBXBuildFile; fileRef = 74101A9E284320640043281C /* LogOutButtonView.swift */; };
		74101AA3284346980043281C /* CharactersCounterView.swift in Sources */ = {isa = PBXBuildFile; fileRef = 74101AA2284346980043281C /* CharactersCounterView.swift */; };
		74101AA7284376F00043281C /* RegisterButtonView.swift in Sources */ = {isa = PBXBuildFile; fileRef = 74101AA6284376F00043281C /* RegisterButtonView.swift */; };
		74101AA9284378080043281C /* UserRegisterTFView.swift in Sources */ = {isa = PBXBuildFile; fileRef = 74101AA8284378080043281C /* UserRegisterTFView.swift */; };
		7428AA17283CD0E00089C4C3 /* LoginAppSwiftUIApp.swift in Sources */ = {isa = PBXBuildFile; fileRef = 7428AA16283CD0E00089C4C3 /* LoginAppSwiftUIApp.swift */; };
		7428AA19283CD0E00089C4C3 /* ContentView.swift in Sources */ = {isa = PBXBuildFile; fileRef = 7428AA18283CD0E00089C4C3 /* ContentView.swift */; };
		7428AA1B283CD0E20089C4C3 /* Assets.xcassets in Resources */ = {isa = PBXBuildFile; fileRef = 7428AA1A283CD0E20089C4C3 /* Assets.xcassets */; };
		7428AA1E283CD0E20089C4C3 /* Preview Assets.xcassets in Resources */ = {isa = PBXBuildFile; fileRef = 7428AA1D283CD0E20089C4C3 /* Preview Assets.xcassets */; };
		7428AA25283CD2C70089C4C3 /* StartButtonView.swift in Sources */ = {isa = PBXBuildFile; fileRef = 7428AA24283CD2C70089C4C3 /* StartButtonView.swift */; };
		7428AA27283CD46E0089C4C3 /* TimeCounter.swift in Sources */ = {isa = PBXBuildFile; fileRef = 7428AA26283CD46E0089C4C3 /* TimeCounter.swift */; };
		7428AA29283CD8090089C4C3 /* UserManager.swift in Sources */ = {isa = PBXBuildFile; fileRef = 7428AA28283CD8090089C4C3 /* UserManager.swift */; };
/* End PBXBuildFile section */

/* Begin PBXFileReference section */
		74101A982842FD440043281C /* RegisterView.swift */ = {isa = PBXFileReference; lastKnownFileType = sourcecode.swift; path = RegisterView.swift; sourceTree = "<group>"; };
		74101A9A2843004F0043281C /* StarterView.swift */ = {isa = PBXFileReference; lastKnownFileType = sourcecode.swift; path = StarterView.swift; sourceTree = "<group>"; };
		74101A9E284320640043281C /* LogOutButtonView.swift */ = {isa = PBXFileReference; lastKnownFileType = sourcecode.swift; path = LogOutButtonView.swift; sourceTree = "<group>"; };
		74101AA2284346980043281C /* CharactersCounterView.swift */ = {isa = PBXFileReference; lastKnownFileType = sourcecode.swift; path = CharactersCounterView.swift; sourceTree = "<group>"; };
		74101AA6284376F00043281C /* RegisterButtonView.swift */ = {isa = PBXFileReference; lastKnownFileType = sourcecode.swift; path = RegisterButtonView.swift; sourceTree = "<group>"; };
		74101AA8284378080043281C /* UserRegisterTFView.swift */ = {isa = PBXFileReference; lastKnownFileType = sourcecode.swift; path = UserRegisterTFView.swift; sourceTree = "<group>"; };
		7428AA13283CD0E00089C4C3 /* LoginAppSwiftUI.app */ = {isa = PBXFileReference; explicitFileType = wrapper.application; includeInIndex = 0; path = LoginAppSwiftUI.app; sourceTree = BUILT_PRODUCTS_DIR; };
		7428AA16283CD0E00089C4C3 /* LoginAppSwiftUIApp.swift */ = {isa = PBXFileReference; lastKnownFileType = sourcecode.swift; path = LoginAppSwiftUIApp.swift; sourceTree = "<group>"; };
		7428AA18283CD0E00089C4C3 /* ContentView.swift */ = {isa = PBXFileReference; lastKnownFileType = sourcecode.swift; path = ContentView.swift; sourceTree = "<group>"; };
		7428AA1A283CD0E20089C4C3 /* Assets.xcassets */ = {isa = PBXFileReference; lastKnownFileType = folder.assetcatalog; path = Assets.xcassets; sourceTree = "<group>"; };
		7428AA1D283CD0E20089C4C3 /* Preview Assets.xcassets */ = {isa = PBXFileReference; lastKnownFileType = folder.assetcatalog; path = "Preview Assets.xcassets"; sourceTree = "<group>"; };
		7428AA24283CD2C70089C4C3 /* StartButtonView.swift */ = {isa = PBXFileReference; lastKnownFileType = sourcecode.swift; path = StartButtonView.swift; sourceTree = "<group>"; };
		7428AA26283CD46E0089C4C3 /* TimeCounter.swift */ = {isa = PBXFileReference; lastKnownFileType = sourcecode.swift; path = TimeCounter.swift; sourceTree = "<group>"; };
		7428AA28283CD8090089C4C3 /* UserManager.swift */ = {isa = PBXFileReference; lastKnownFileType = sourcecode.swift; path = UserManager.swift; sourceTree = "<group>"; };
/* End PBXFileReference section */

/* Begin PBXFrameworksBuildPhase section */
		7428AA10283CD0E00089C4C3 /* Frameworks */ = {
			isa = PBXFrameworksBuildPhase;
			buildActionMask = 2147483647;
			files = (
			);
			runOnlyForDeploymentPostprocessing = 0;
		};
/* End PBXFrameworksBuildPhase section */

/* Begin PBXGroup section */
		74101AAA284379C00043281C /* RegisterView */ = {
			isa = PBXGroup;
			children = (
				74101A982842FD440043281C /* RegisterView.swift */,
				74101AA8284378080043281C /* UserRegisterTFView.swift */,
				74101AA6284376F00043281C /* RegisterButtonView.swift */,
				74101AA2284346980043281C /* CharactersCounterView.swift */,
			);
			path = RegisterView;
			sourceTree = "<group>";
		};
		74101AAB284379E20043281C /* ContentView */ = {
			isa = PBXGroup;
			children = (
				7428AA18283CD0E00089C4C3 /* ContentView.swift */,
				7428AA26283CD46E0089C4C3 /* TimeCounter.swift */,
				7428AA24283CD2C70089C4C3 /* StartButtonView.swift */,
				74101A9E284320640043281C /* LogOutButtonView.swift */,
			);
			path = ContentView;
			sourceTree = "<group>";
		};
		7428AA0A283CD0E00089C4C3 = {
			isa = PBXGroup;
			children = (
				7428AA15283CD0E00089C4C3 /* LoginAppSwiftUI */,
				7428AA14283CD0E00089C4C3 /* Products */,
			);
			sourceTree = "<group>";
		};
		7428AA14283CD0E00089C4C3 /* Products */ = {
			isa = PBXGroup;
			children = (
				7428AA13283CD0E00089C4C3 /* LoginAppSwiftUI.app */,
			);
			name = Products;
			sourceTree = "<group>";
		};
		7428AA15283CD0E00089C4C3 /* LoginAppSwiftUI */ = {
			isa = PBXGroup;
			children = (
				7428AA16283CD0E00089C4C3 /* LoginAppSwiftUIApp.swift */,
				74101A9A2843004F0043281C /* StarterView.swift */,
				7428AA28283CD8090089C4C3 /* UserManager.swift */,
				74101AAA284379C00043281C /* RegisterView */,
				74101AAB284379E20043281C /* ContentView */,
				7428AA1A283CD0E20089C4C3 /* Assets.xcassets */,
				7428AA1C283CD0E20089C4C3 /* Preview Content */,
			);
			path = LoginAppSwiftUI;
			sourceTree = "<group>";
		};
		7428AA1C283CD0E20089C4C3 /* Preview Content */ = {
			isa = PBXGroup;
			children = (
				7428AA1D283CD0E20089C4C3 /* Preview Assets.xcassets */,
			);
			path = "Preview Content";
			sourceTree = "<group>";
		};
/* End PBXGroup section */

/* Begin PBXNativeTarget section */
		7428AA12283CD0E00089C4C3 /* LoginAppSwiftUI */ = {
			isa = PBXNativeTarget;
			buildConfigurationList = 7428AA21283CD0E20089C4C3 /* Build configuration list for PBXNativeTarget "LoginAppSwiftUI" */;
			buildPhases = (
				7428AA0F283CD0E00089C4C3 /* Sources */,
				7428AA10283CD0E00089C4C3 /* Frameworks */,
				7428AA11283CD0E00089C4C3 /* Resources */,
			);
			buildRules = (
			);
			dependencies = (
			);
			name = LoginAppSwiftUI;
			productName = LoginAppSwiftUI;
			productReference = 7428AA13283CD0E00089C4C3 /* LoginAppSwiftUI.app */;
			productType = "com.apple.product-type.application";
		};
/* End PBXNativeTarget section */

/* Begin PBXProject section */
		7428AA0B283CD0E00089C4C3 /* Project object */ = {
			isa = PBXProject;
			attributes = {
				BuildIndependentTargetsInParallel = 1;
				LastSwiftUpdateCheck = 1320;
				LastUpgradeCheck = 1320;
				TargetAttributes = {
					7428AA12283CD0E00089C4C3 = {
						CreatedOnToolsVersion = 13.2.1;
					};
				};
			};
			buildConfigurationList = 7428AA0E283CD0E00089C4C3 /* Build configuration list for PBXProject "LoginAppSwiftUI" */;
			compatibilityVersion = "Xcode 13.0";
			developmentRegion = en;
			hasScannedForEncodings = 0;
			knownRegions = (
				en,
				Base,
			);
			mainGroup = 7428AA0A283CD0E00089C4C3;
			productRefGroup = 7428AA14283CD0E00089C4C3 /* Products */;
			projectDirPath = "";
			projectRoot = "";
			targets = (
				7428AA12283CD0E00089C4C3 /* LoginAppSwiftUI */,
			);
		};
/* End PBXProject section */

/* Begin PBXResourcesBuildPhase section */
		7428AA11283CD0E00089C4C3 /* Resources */ = {
			isa = PBXResourcesBuildPhase;
			buildActionMask = 2147483647;
			files = (
				7428AA1E283CD0E20089C4C3 /* Preview Assets.xcassets in Resources */,
				7428AA1B283CD0E20089C4C3 /* Assets.xcassets in Resources */,
			);
			runOnlyForDeploymentPostprocessing = 0;
		};
/* End PBXResourcesBuildPhase section */

/* Begin PBXSourcesBuildPhase section */
		7428AA0F283CD0E00089C4C3 /* Sources */ = {
			isa = PBXSourcesBuildPhase;
			buildActionMask = 2147483647;
			files = (
				74101AA9284378080043281C /* UserRegisterTFView.swift in Sources */,
				74101AA3284346980043281C /* CharactersCounterView.swift in Sources */,
				74101A9B2843004F0043281C /* StarterView.swift in Sources */,
				7428AA25283CD2C70089C4C3 /* StartButtonView.swift in Sources */,
				74101AA7284376F00043281C /* RegisterButtonView.swift in Sources */,
				74101A9F284320640043281C /* LogOutButtonView.swift in Sources */,
				7428AA19283CD0E00089C4C3 /* ContentView.swift in Sources */,
				7428AA17283CD0E00089C4C3 /* LoginAppSwiftUIApp.swift in Sources */,
				74101A992842FD440043281C /* RegisterView.swift in Sources */,
				7428AA29283CD8090089C4C3 /* UserManager.swift in Sources */,
				7428AA27283CD46E0089C4C3 /* TimeCounter.swift in Sources */,
			);
			runOnlyForDeploymentPostprocessing = 0;
		};
/* End PBXSourcesBuildPhase section */

/* Begin XCBuildConfiguration section */
		7428AA1F283CD0E20089C4C3 /* Debug */ = {
			isa = XCBuildConfiguration;
			buildSettings = {
				ALWAYS_SEARCH_USER_PATHS = NO;
				CLANG_ANALYZER_NONNULL = YES;
				CLANG_ANALYZER_NUMBER_OBJECT_CONVERSION = YES_AGGRESSIVE;
				CLANG_CXX_LANGUAGE_STANDARD = "gnu++17";
				CLANG_CXX_LIBRARY = "libc++";
				CLANG_ENABLE_MODULES = YES;
				CLANG_ENABLE_OBJC_ARC = YES;
				CLANG_ENABLE_OBJC_WEAK = YES;
				CLANG_WARN_BLOCK_CAPTURE_AUTORELEASING = YES;
				CLANG_WARN_BOOL_CONVERSION = YES;
				CLANG_WARN_COMMA = YES;
				CLANG_WARN_CONSTANT_CONVERSION = YES;
				CLANG_WARN_DEPRECATED_OBJC_IMPLEMENTATIONS = YES;
				CLANG_WARN_DIRECT_OBJC_ISA_USAGE = YES_ERROR;
				CLANG_WARN_DOCUMENTATION_COMMENTS = YES;
				CLANG_WARN_EMPTY_BODY = YES;
				CLANG_WARN_ENUM_CONVERSION = YES;
				CLANG_WARN_INFINITE_RECURSION = YES;
				CLANG_WARN_INT_CONVERSION = YES;
				CLANG_WARN_NON_LITERAL_NULL_CONVERSION = YES;
				CLANG_WARN_OBJC_IMPLICIT_RETAIN_SELF = YES;
				CLANG_WARN_OBJC_LITERAL_CONVERSION = YES;
				CLANG_WARN_OBJC_ROOT_CLASS = YES_ERROR;
				CLANG_WARN_QUOTED_INCLUDE_IN_FRAMEWORK_HEADER = YES;
				CLANG_WARN_RANGE_LOOP_ANALYSIS = YES;
				CLANG_WARN_STRICT_PROTOTYPES = YES;
				CLANG_WARN_SUSPICIOUS_MOVE = YES;
				CLANG_WARN_UNGUARDED_AVAILABILITY = YES_AGGRESSIVE;
				CLANG_WARN_UNREACHABLE_CODE = YES;
				CLANG_WARN__DUPLICATE_METHOD_MATCH = YES;
				COPY_PHASE_STRIP = NO;
				DEBUG_INFORMATION_FORMAT = dwarf;
				ENABLE_STRICT_OBJC_MSGSEND = YES;
				ENABLE_TESTABILITY = YES;
				GCC_C_LANGUAGE_STANDARD = gnu11;
				GCC_DYNAMIC_NO_PIC = NO;
				GCC_NO_COMMON_BLOCKS = YES;
				GCC_OPTIMIZATION_LEVEL = 0;
				GCC_PREPROCESSOR_DEFINITIONS = (
					"DEBUG=1",
					"$(inherited)",
				);
				GCC_WARN_64_TO_32_BIT_CONVERSION = YES;
				GCC_WARN_ABOUT_RETURN_TYPE = YES_ERROR;
				GCC_WARN_UNDECLARED_SELECTOR = YES;
				GCC_WARN_UNINITIALIZED_AUTOS = YES_AGGRESSIVE;
				GCC_WARN_UNUSED_FUNCTION = YES;
				GCC_WARN_UNUSED_VARIABLE = YES;
				IPHONEOS_DEPLOYMENT_TARGET = 15.2;
				MTL_ENABLE_DEBUG_INFO = INCLUDE_SOURCE;
				MTL_FAST_MATH = YES;
				ONLY_ACTIVE_ARCH = YES;
				SDKROOT = iphoneos;
				SWIFT_ACTIVE_COMPILATION_CONDITIONS = DEBUG;
				SWIFT_OPTIMIZATION_LEVEL = "-Onone";
			};
			name = Debug;
		};
		7428AA20283CD0E20089C4C3 /* Release */ = {
			isa = XCBuildConfiguration;
			buildSettings = {
				ALWAYS_SEARCH_USER_PATHS = NO;
				CLANG_ANALYZER_NONNULL = YES;
				CLANG_ANALYZER_NUMBER_OBJECT_CONVERSION = YES_AGGRESSIVE;
				CLANG_CXX_LANGUAGE_STANDARD = "gnu++17";
				CLANG_CXX_LIBRARY = "libc++";
				CLANG_ENABLE_MODULES = YES;
				CLANG_ENABLE_OBJC_ARC = YES;
				CLANG_ENABLE_OBJC_WEAK = YES;
				CLANG_WARN_BLOCK_CAPTURE_AUTORELEASING = YES;
				CLANG_WARN_BOOL_CONVERSION = YES;
				CLANG_WARN_COMMA = YES;
				CLANG_WARN_CONSTANT_CONVERSION = YES;
				CLANG_WARN_DEPRECATED_OBJC_IMPLEMENTATIONS = YES;
				CLANG_WARN_DIRECT_OBJC_ISA_USAGE = YES_ERROR;
				CLANG_WARN_DOCUMENTATION_COMMENTS = YES;
				CLANG_WARN_EMPTY_BODY = YES;
				CLANG_WARN_ENUM_CONVERSION = YES;
				CLANG_WARN_INFINITE_RECURSION = YES;
				CLANG_WARN_INT_CONVERSION = YES;
				CLANG_WARN_NON_LITERAL_NULL_CONVERSION = YES;
				CLANG_WARN_OBJC_IMPLICIT_RETAIN_SELF = YES;
				CLANG_WARN_OBJC_LITERAL_CONVERSION = YES;
				CLANG_WARN_OBJC_ROOT_CLASS = YES_ERROR;
				CLANG_WARN_QUOTED_INCLUDE_IN_FRAMEWORK_HEADER = YES;
				CLANG_WARN_RANGE_LOOP_ANALYSIS = YES;
				CLANG_WARN_STRICT_PROTOTYPES = YES;
				CLANG_WARN_SUSPICIOUS_MOVE = YES;
				CLANG_WARN_UNGUARDED_AVAILABILITY = YES_AGGRESSIVE;
				CLANG_WARN_UNREACHABLE_CODE = YES;
				CLANG_WARN__DUPLICATE_METHOD_MATCH = YES;
				COPY_PHASE_STRIP = NO;
				DEBUG_INFORMATION_FORMAT = "dwarf-with-dsym";
				ENABLE_NS_ASSERTIONS = NO;
				ENABLE_STRICT_OBJC_MSGSEND = YES;
				GCC_C_LANGUAGE_STANDARD = gnu11;
				GCC_NO_COMMON_BLOCKS = YES;
				GCC_WARN_64_TO_32_BIT_CONVERSION = YES;
				GCC_WARN_ABOUT_RETURN_TYPE = YES_ERROR;
				GCC_WARN_UNDECLARED_SELECTOR = YES;
				GCC_WARN_UNINITIALIZED_AUTOS = YES_AGGRESSIVE;
				GCC_WARN_UNUSED_FUNCTION = YES;
				GCC_WARN_UNUSED_VARIABLE = YES;
				IPHONEOS_DEPLOYMENT_TARGET = 15.2;
				MTL_ENABLE_DEBUG_INFO = NO;
				MTL_FAST_MATH = YES;
				SDKROOT = iphoneos;
				SWIFT_COMPILATION_MODE = wholemodule;
				SWIFT_OPTIMIZATION_LEVEL = "-O";
				VALIDATE_PRODUCT = YES;
			};
			name = Release;
		};
		7428AA22283CD0E20089C4C3 /* Debug */ = {
			isa = XCBuildConfiguration;
			buildSettings = {
				ASSETCATALOG_COMPILER_APPICON_NAME = AppIcon;
				ASSETCATALOG_COMPILER_GLOBAL_ACCENT_COLOR_NAME = AccentColor;
				CODE_SIGN_STYLE = Automatic;
				CURRENT_PROJECT_VERSION = 1;
				DEVELOPMENT_ASSET_PATHS = "\"LoginAppSwiftUI/Preview Content\"";
				DEVELOPMENT_TEAM = SLB753PHY3;
				ENABLE_PREVIEWS = YES;
				GENERATE_INFOPLIST_FILE = YES;
				INFOPLIST_KEY_UIApplicationSceneManifest_Generation = YES;
				INFOPLIST_KEY_UIApplicationSupportsIndirectInputEvents = YES;
				INFOPLIST_KEY_UILaunchScreen_Generation = YES;
				INFOPLIST_KEY_UISupportedInterfaceOrientations_iPad = "UIInterfaceOrientationPortrait UIInterfaceOrientationPortraitUpsideDown UIInterfaceOrientationLandscapeLeft UIInterfaceOrientationLandscapeRight";
				INFOPLIST_KEY_UISupportedInterfaceOrientations_iPhone = "UIInterfaceOrientationPortrait UIInterfaceOrientationLandscapeLeft UIInterfaceOrientationLandscapeRight";
				LD_RUNPATH_SEARCH_PATHS = (
					"$(inherited)",
					"@executable_path/Frameworks",
				);
				MARKETING_VERSION = 1.0;
				PRODUCT_BUNDLE_IDENTIFIER = "Mikhail-Ivanov.LoginAppSwiftUI";
				PRODUCT_NAME = "$(TARGET_NAME)";
				SWIFT_EMIT_LOC_STRINGS = YES;
				SWIFT_VERSION = 5.0;
				TARGETED_DEVICE_FAMILY = "1,2";
			};
			name = Debug;
		};
		7428AA23283CD0E20089C4C3 /* Release */ = {
			isa = XCBuildConfiguration;
			buildSettings = {
				ASSETCATALOG_COMPILER_APPICON_NAME = AppIcon;
				ASSETCATALOG_COMPILER_GLOBAL_ACCENT_COLOR_NAME = AccentColor;
				CODE_SIGN_STYLE = Automatic;
				CURRENT_PROJECT_VERSION = 1;
				DEVELOPMENT_ASSET_PATHS = "\"LoginAppSwiftUI/Preview Content\"";
				DEVELOPMENT_TEAM = SLB753PHY3;
				ENABLE_PREVIEWS = YES;
				GENERATE_INFOPLIST_FILE = YES;
				INFOPLIST_KEY_UIApplicationSceneManifest_Generation = YES;
				INFOPLIST_KEY_UIApplicationSupportsIndirectInputEvents = YES;
				INFOPLIST_KEY_UILaunchScreen_Generation = YES;
				INFOPLIST_KEY_UISupportedInterfaceOrientations_iPad = "UIInterfaceOrientationPortrait UIInterfaceOrientationPortraitUpsideDown UIInterfaceOrientationLandscapeLeft UIInterfaceOrientationLandscapeRight";
				INFOPLIST_KEY_UISupportedInterfaceOrientations_iPhone = "UIInterfaceOrientationPortrait UIInterfaceOrientationLandscapeLeft UIInterfaceOrientationLandscapeRight";
				LD_RUNPATH_SEARCH_PATHS = (
					"$(inherited)",
					"@executable_path/Frameworks",
				);
				MARKETING_VERSION = 1.0;
				PRODUCT_BUNDLE_IDENTIFIER = "Mikhail-Ivanov.LoginAppSwiftUI";
				PRODUCT_NAME = "$(TARGET_NAME)";
				SWIFT_EMIT_LOC_STRINGS = YES;
				SWIFT_VERSION = 5.0;
				TARGETED_DEVICE_FAMILY = "1,2";
			};
			name = Release;
		};
/* End XCBuildConfiguration section */

/* Begin XCConfigurationList section */
		7428AA0E283CD0E00089C4C3 /* Build configuration list for PBXProject "LoginAppSwiftUI" */ = {
			isa = XCConfigurationList;
			buildConfigurations = (
				7428AA1F283CD0E20089C4C3 /* Debug */,
				7428AA20283CD0E20089C4C3 /* Release */,
			);
			defaultConfigurationIsVisible = 0;
			defaultConfigurationName = Release;
		};
		7428AA21283CD0E20089C4C3 /* Build configuration list for PBXNativeTarget "LoginAppSwiftUI" */ = {
			isa = XCConfigurationList;
			buildConfigurations = (
				7428AA22283CD0E20089C4C3 /* Debug */,
				7428AA23283CD0E20089C4C3 /* Release */,
			);
			defaultConfigurationIsVisible = 0;
			defaultConfigurationName = Release;
		};
/* End XCConfigurationList section */
	};
	rootObject = 7428AA0B283CD0E00089C4C3 /* Project object */;
}
